<?xml version="1.0" encoding="utf-8"?>
<Project ToolsVersion="4.0" xmlns="http://schemas.microsoft.com/developer/msbuild/2003">
  <ItemGroup>
    <Filter Include="Rendering">
      <UniqueIdentifier>{E3AE1F7C-4F19-D4F2-9857-85980401B247}</UniqueIdentifier>
    </Filter>
  </ItemGroup>
  <ItemGroup>
    <ClInclude Include="src\Application.h" />
    <ClInclude Include="src\Log.h" />
    <ClInclude Include="src\Main.h" />
    <ClInclude Include="src\Prereq.h" />
    <ClInclude Include="src\Rendering\Device.h">
      <Filter>Rendering</Filter>
    </ClInclude>
    <ClInclude Include="src\Rendering\Instance.h">
      <Filter>Rendering</Filter>
    </ClInclude>
    <ClInclude Include="src\Rendering\Renderer.h">
      <Filter>Rendering</Filter>
    </ClInclude>
    <ClInclude Include="src\Voidstar.h" />
    <ClInclude Include="src\Window.h" />
    <ClInclude Include="src\Rendering\Swapchain.h" />
    <ClInclude Include="src\Rendering\SupportStruct.h" />
    <ClInclude Include="src\Rendering\Vertex.h" />
    <ClInclude Include="src\Rendering\Buffer.h" />
    <ClInclude Include="src\Rendering\VertexBufferLayout.h" />
    <ClInclude Include="src\Rendering\DescriptorSetLayout.h" />
    <ClInclude Include="src\Rendering\RenderContext.h" />
  </ItemGroup>
  <ItemGroup>
    <ClCompile Include="src\Application.cpp" />
    <ClCompile Include="src\Log.cpp" />
    <ClCompile Include="src\Prereq.cpp" />
    <ClCompile Include="src\Rendering\Device.cpp">
      <Filter>Rendering</Filter>
    </ClCompile>
    <ClCompile Include="src\Rendering\Instance.cpp">
      <Filter>Rendering</Filter>
    </ClCompile>
    <ClCompile Include="src\Rendering\Renderer.cpp">
      <Filter>Rendering</Filter>
    </ClCompile>
    <ClCompile Include="src\Window.cpp" />
    <ClCompile Include="src\Rendering\Swapchain.cpp" />
    <ClCompile Include="src\Rendering\Buffer.cpp" />
    <ClCompile Include="src\Rendering\VertexBufferLayout.cpp" />
    <ClCompile Include="src\Rendering\DescriptorSetLayout.cpp" />
    <ClCompile Include="src\Rendering\RenderContext.cpp" />
  </ItemGroup>
</Project>